
Microsoft Visual Studio Solution File, Format Version 12.00
# Visual Studio 15
VisualStudioVersion = 15.0.27130.2010
MinimumVisualStudioVersion = 10.0.40219.1
Project("{FAE04EC0-301F-11D3-BF4B-00C04F79EFBC}") = "SharpDXStarter", "SharpDXStarter\SharpDXStarter.csproj", "{B46AE106-90C4-43DA-B4AC-49897E1BDF80}"
EndProject
Project("{FAE04EC0-301F-11D3-BF4B-00C04F79EFBC}") = "SharpDXJohnFalkTutorial", "SharpDXJohnFalkTutorial\SharpDXJohnFalkTutorial.csproj", "{3D18439E-95E9-45F6-8088-2AA95469F7F6}"
EndProject
Global
	GlobalSection(SolutionConfigurationPlatforms) = preSolution
		Debug|Any CPU = Debug|Any CPU
		Release|Any CPU = Release|Any CPU
	EndGlobalSection
	GlobalSection(ProjectConfigurationPlatforms) = postSolution
		{B46AE106-90C4-43DA-B4AC-49897E1BDF80}.Debug|Any CPU.ActiveCfg = Debug|Any CPU
		{B46AE106-90C4-43DA-B4AC-49897E1BDF80}.Debug|Any CPU.Build.0 = Debug|Any CPU
		{B46AE106-90C4-43DA-B4AC-49897E1BDF80}.Release|Any CPU.ActiveCfg = Release|Any CPU
		{B46AE106-90C4-43DA-B4AC-49897E1BDF80}.Release|Any CPU.Build.0 = Release|Any CPU
		{3D18439E-95E9-45F6-8088-2AA95469F7F6}.Debug|Any CPU.ActiveCfg = Debug|Any CPU
		{3D18439E-95E9-45F6-8088-2AA95469F7F6}.Debug|Any CPU.Build.0 = Debug|Any CPU
		{3D18439E-95E9-45F6-8088-2AA95469F7F6}.Release|Any CPU.ActiveCfg = Release|Any CPU
		{3D18439E-95E9-45F6-8088-2AA95469F7F6}.Release|Any CPU.Build.0 = Release|Any CPU
	EndGlobalSection
	GlobalSection(SolutionProperties) = preSolution
		HideSolutionNode = FALSE
	EndGlobalSection
	GlobalSection(ExtensibilityGlobals) = postSolution
		SolutionGuid = {9D65CB33-FB3A-4994-BC13-F953E0619D0C}
	EndGlobalSection
EndGlobal
